
Microsoft Visual Studio Solution File, Format Version 12.00
# Visual Studio Version 17
VisualStudioVersion = 17.11.34909.67
MinimumVisualStudioVersion = 10.0.40219.1
Project("{FAE04EC0-301F-11D3-BF4B-00C04F79EFBC}") = "AdvancedProgramming.Notes.Lesson3", "AdvancedProgramming.Notes.Lesson3\AdvancedProgramming.Notes.Lesson3.csproj", "{06197B17-C7AE-4403-A09F-C16710EEA628}"
EndProject
Global
	GlobalSection(SolutionConfigurationPlatforms) = preSolution
		Debug|Any CPU = Debug|Any CPU
		Release|Any CPU = Release|Any CPU
	EndGlobalSection
	GlobalSection(ProjectConfigurationPlatforms) = postSolution
		{06197B17-C7AE-4403-A09F-C16710EEA628}.Debug|Any CPU.ActiveCfg = Debug|Any CPU
		{06197B17-C7AE-4403-A09F-C16710EEA628}.Debug|Any CPU.Build.0 = Debug|Any CPU
		{06197B17-C7AE-4403-A09F-C16710EEA628}.Release|Any CPU.ActiveCfg = Release|Any CPU
		{06197B17-C7AE-4403-A09F-C16710EEA628}.Release|Any CPU.Build.0 = Release|Any CPU
	EndGlobalSection
	GlobalSection(SolutionProperties) = preSolution
		HideSolutionNode = FALSE
	EndGlobalSection
	GlobalSection(ExtensibilityGlobals) = postSolution
		SolutionGuid = {87DB12F0-C0BE-417E-98EC-DB4A5CDFCA2C}
	EndGlobalSection
EndGlobal
